// !$*UTF8*$!
{
	archiveVersion = 1;
	classes = {
	};
	objectVersion = 56;
	objects = {

/* Begin PBXBuildFile section */
		7F22ABFF2B22D98400853CF0 /* LandmarksApp.swift in Sources */ = {isa = PBXBuildFile; fileRef = 7F22ABFE2B22D98400853CF0 /* LandmarksApp.swift */; };
		7F22AC012B22D98400853CF0 /* ContentView.swift in Sources */ = {isa = PBXBuildFile; fileRef = 7F22AC002B22D98400853CF0 /* ContentView.swift */; };
		7F22AC032B22D98500853CF0 /* Assets.xcassets in Resources */ = {isa = PBXBuildFile; fileRef = 7F22AC022B22D98500853CF0 /* Assets.xcassets */; };
		7F22AC062B22D98500853CF0 /* Preview Assets.xcassets in Resources */ = {isa = PBXBuildFile; fileRef = 7F22AC052B22D98500853CF0 /* Preview Assets.xcassets */; };
		7FA8C23D2B24152E00E0427C /* CircleImage.swift in Sources */ = {isa = PBXBuildFile; fileRef = 7FA8C23C2B24152E00E0427C /* CircleImage.swift */; };
		7FA8C23F2B24165500E0427C /* MapView.swift in Sources */ = {isa = PBXBuildFile; fileRef = 7FA8C23E2B24165500E0427C /* MapView.swift */; };
		7FA8C2432B241F3700E0427C /* Landmark.swift in Sources */ = {isa = PBXBuildFile; fileRef = 7FA8C2422B241F3700E0427C /* Landmark.swift */; };
		7FA8C2452B24262100E0427C /* ModelData.swift in Sources */ = {isa = PBXBuildFile; fileRef = 7FA8C2442B24262100E0427C /* ModelData.swift */; };
		7FA8C24D2B24292900E0427C /* LandmarkRow.swift in Sources */ = {isa = PBXBuildFile; fileRef = 7FA8C24C2B24292900E0427C /* LandmarkRow.swift */; };
		7FA8C24F2B242D6600E0427C /* LandmarkList.swift in Sources */ = {isa = PBXBuildFile; fileRef = 7FA8C24E2B242D6600E0427C /* LandmarkList.swift */; };
		7FA8C2512B242F3E00E0427C /* LandmarkDetail.swift in Sources */ = {isa = PBXBuildFile; fileRef = 7FA8C2502B242F3E00E0427C /* LandmarkDetail.swift */; };
		7FA8C2532B24B50200E0427C /* FavoriteButton.swift in Sources */ = {isa = PBXBuildFile; fileRef = 7FA8C2522B24B50200E0427C /* FavoriteButton.swift */; };
		7FA8C25B2B24C4A500E0427C /* hikeData.json in Resources */ = {isa = PBXBuildFile; fileRef = 7FA8C25A2B24C4A500E0427C /* hikeData.json */; };
		7FA8C25D2B24C51800E0427C /* Hike.swift in Sources */ = {isa = PBXBuildFile; fileRef = 7FA8C25C2B24C51800E0427C /* Hike.swift */; };
		7FA8C2632B24C82000E0427C /* GraphCapsule.swift in Sources */ = {isa = PBXBuildFile; fileRef = 7FA8C25F2B24C82000E0427C /* GraphCapsule.swift */; };
		7FA8C2642B24C82000E0427C /* HikeGraph.swift in Sources */ = {isa = PBXBuildFile; fileRef = 7FA8C2602B24C82000E0427C /* HikeGraph.swift */; };
		7FA8C2652B24C82000E0427C /* HikeDetail.swift in Sources */ = {isa = PBXBuildFile; fileRef = 7FA8C2612B24C82000E0427C /* HikeDetail.swift */; };
		7FA8C2662B24C82000E0427C /* HikeView.swift in Sources */ = {isa = PBXBuildFile; fileRef = 7FA8C2622B24C82000E0427C /* HikeView.swift */; };
		7FA8C2692B24ED2B00E0427C /* CategoryHome.swift in Sources */ = {isa = PBXBuildFile; fileRef = 7FA8C2682B24ED2B00E0427C /* CategoryHome.swift */; };
		7FA8C26B2B24F28500E0427C /* CategoryRow.swift in Sources */ = {isa = PBXBuildFile; fileRef = 7FA8C26A2B24F28500E0427C /* CategoryRow.swift */; };
		7FA8C26D2B24F5C600E0427C /* CategoryItem.swift in Sources */ = {isa = PBXBuildFile; fileRef = 7FA8C26C2B24F5C600E0427C /* CategoryItem.swift */; };
		7FA8C2742B24FE7C00E0427C /* RotatedBadgeSymbol.swift in Sources */ = {isa = PBXBuildFile; fileRef = 7FA8C26F2B24FE7C00E0427C /* RotatedBadgeSymbol.swift */; };
		7FA8C2752B24FE7C00E0427C /* HexagonParameters.swift in Sources */ = {isa = PBXBuildFile; fileRef = 7FA8C2702B24FE7C00E0427C /* HexagonParameters.swift */; };
		7FA8C2762B24FE7C00E0427C /* BadgeSymbol.swift in Sources */ = {isa = PBXBuildFile; fileRef = 7FA8C2712B24FE7C00E0427C /* BadgeSymbol.swift */; };
		7FA8C2772B24FE7C00E0427C /* BadgeBackground.swift in Sources */ = {isa = PBXBuildFile; fileRef = 7FA8C2722B24FE7C00E0427C /* BadgeBackground.swift */; };
		7FA8C2782B24FE7C00E0427C /* Badge.swift in Sources */ = {isa = PBXBuildFile; fileRef = 7FA8C2732B24FE7C00E0427C /* Badge.swift */; };
		7FA8C27A2B2502E700E0427C /* landmarkData.json in Resources */ = {isa = PBXBuildFile; fileRef = 7FA8C24A2B24281800E0427C /* landmarkData.json */; };
		7FA8C27C2B25044F00E0427C /* Profile.swift in Sources */ = {isa = PBXBuildFile; fileRef = 7FA8C27B2B25044F00E0427C /* Profile.swift */; };
		7FA8C27F2B25073800E0427C /* ProfileHost.swift in Sources */ = {isa = PBXBuildFile; fileRef = 7FA8C27E2B25073800E0427C /* ProfileHost.swift */; };
		7FA8C2812B2507E400E0427C /* ProfileSummary.swift in Sources */ = {isa = PBXBuildFile; fileRef = 7FA8C2802B2507E400E0427C /* ProfileSummary.swift */; };
		7FA8C2832B2509CD00E0427C /* HikeBadge.swift in Sources */ = {isa = PBXBuildFile; fileRef = 7FA8C2822B2509CD00E0427C /* HikeBadge.swift */; };
		7FA8C2862B250FA400E0427C /* ProfileEditor.swift in Sources */ = {isa = PBXBuildFile; fileRef = 7FA8C2852B250FA400E0427C /* ProfileEditor.swift */; };
/* End PBXBuildFile section */

/* Begin PBXFileReference section */
		7F22ABFB2B22D98400853CF0 /* Landmarks.app */ = {isa = PBXFileReference; explicitFileType = wrapper.application; includeInIndex = 0; path = Landmarks.app; sourceTree = BUILT_PRODUCTS_DIR; };
		7F22ABFE2B22D98400853CF0 /* LandmarksApp.swift */ = {isa = PBXFileReference; lastKnownFileType = sourcecode.swift; path = LandmarksApp.swift; sourceTree = "<group>"; };
		7F22AC002B22D98400853CF0 /* ContentView.swift */ = {isa = PBXFileReference; lastKnownFileType = sourcecode.swift; path = ContentView.swift; sourceTree = "<group>"; };
		7F22AC022B22D98500853CF0 /* Assets.xcassets */ = {isa = PBXFileReference; lastKnownFileType = folder.assetcatalog; path = Assets.xcassets; sourceTree = "<group>"; };
		7F22AC052B22D98500853CF0 /* Preview Assets.xcassets */ = {isa = PBXFileReference; lastKnownFileType = folder.assetcatalog; path = "Preview Assets.xcassets"; sourceTree = "<group>"; };
		7FA8C23C2B24152E00E0427C /* CircleImage.swift */ = {isa = PBXFileReference; lastKnownFileType = sourcecode.swift; path = CircleImage.swift; sourceTree = "<group>"; };
		7FA8C23E2B24165500E0427C /* MapView.swift */ = {isa = PBXFileReference; lastKnownFileType = sourcecode.swift; path = MapView.swift; sourceTree = "<group>"; };
		7FA8C2422B241F3700E0427C /* Landmark.swift */ = {isa = PBXFileReference; lastKnownFileType = sourcecode.swift; path = Landmark.swift; sourceTree = "<group>"; };
		7FA8C2442B24262100E0427C /* ModelData.swift */ = {isa = PBXFileReference; lastKnownFileType = sourcecode.swift; path = ModelData.swift; sourceTree = "<group>"; };
		7FA8C24A2B24281800E0427C /* landmarkData.json */ = {isa = PBXFileReference; lastKnownFileType = text.json; path = landmarkData.json; sourceTree = "<group>"; };
		7FA8C24C2B24292900E0427C /* LandmarkRow.swift */ = {isa = PBXFileReference; lastKnownFileType = sourcecode.swift; path = LandmarkRow.swift; sourceTree = "<group>"; };
		7FA8C24E2B242D6600E0427C /* LandmarkList.swift */ = {isa = PBXFileReference; lastKnownFileType = sourcecode.swift; path = LandmarkList.swift; sourceTree = "<group>"; };
		7FA8C2502B242F3E00E0427C /* LandmarkDetail.swift */ = {isa = PBXFileReference; lastKnownFileType = sourcecode.swift; path = LandmarkDetail.swift; sourceTree = "<group>"; };
		7FA8C2522B24B50200E0427C /* FavoriteButton.swift */ = {isa = PBXFileReference; lastKnownFileType = sourcecode.swift; path = FavoriteButton.swift; sourceTree = "<group>"; };
		7FA8C25A2B24C4A500E0427C /* hikeData.json */ = {isa = PBXFileReference; fileEncoding = 4; lastKnownFileType = text.json; path = hikeData.json; sourceTree = "<group>"; };
		7FA8C25C2B24C51800E0427C /* Hike.swift */ = {isa = PBXFileReference; lastKnownFileType = sourcecode.swift; path = Hike.swift; sourceTree = "<group>"; };
		7FA8C25F2B24C82000E0427C /* GraphCapsule.swift */ = {isa = PBXFileReference; fileEncoding = 4; lastKnownFileType = sourcecode.swift; path = GraphCapsule.swift; sourceTree = "<group>"; };
		7FA8C2602B24C82000E0427C /* HikeGraph.swift */ = {isa = PBXFileReference; fileEncoding = 4; lastKnownFileType = sourcecode.swift; path = HikeGraph.swift; sourceTree = "<group>"; };
		7FA8C2612B24C82000E0427C /* HikeDetail.swift */ = {isa = PBXFileReference; fileEncoding = 4; lastKnownFileType = sourcecode.swift; path = HikeDetail.swift; sourceTree = "<group>"; };
		7FA8C2622B24C82000E0427C /* HikeView.swift */ = {isa = PBXFileReference; fileEncoding = 4; lastKnownFileType = sourcecode.swift; path = HikeView.swift; sourceTree = "<group>"; };
		7FA8C2682B24ED2B00E0427C /* CategoryHome.swift */ = {isa = PBXFileReference; lastKnownFileType = sourcecode.swift; path = CategoryHome.swift; sourceTree = "<group>"; };
		7FA8C26A2B24F28500E0427C /* CategoryRow.swift */ = {isa = PBXFileReference; lastKnownFileType = sourcecode.swift; path = CategoryRow.swift; sourceTree = "<group>"; };
		7FA8C26C2B24F5C600E0427C /* CategoryItem.swift */ = {isa = PBXFileReference; lastKnownFileType = sourcecode.swift; path = CategoryItem.swift; sourceTree = "<group>"; };
		7FA8C26F2B24FE7C00E0427C /* RotatedBadgeSymbol.swift */ = {isa = PBXFileReference; fileEncoding = 4; lastKnownFileType = sourcecode.swift; path = RotatedBadgeSymbol.swift; sourceTree = "<group>"; };
		7FA8C2702B24FE7C00E0427C /* HexagonParameters.swift */ = {isa = PBXFileReference; fileEncoding = 4; lastKnownFileType = sourcecode.swift; path = HexagonParameters.swift; sourceTree = "<group>"; };
		7FA8C2712B24FE7C00E0427C /* BadgeSymbol.swift */ = {isa = PBXFileReference; fileEncoding = 4; lastKnownFileType = sourcecode.swift; path = BadgeSymbol.swift; sourceTree = "<group>"; };
		7FA8C2722B24FE7C00E0427C /* BadgeBackground.swift */ = {isa = PBXFileReference; fileEncoding = 4; lastKnownFileType = sourcecode.swift; path = BadgeBackground.swift; sourceTree = "<group>"; };
		7FA8C2732B24FE7C00E0427C /* Badge.swift */ = {isa = PBXFileReference; fileEncoding = 4; lastKnownFileType = sourcecode.swift; path = Badge.swift; sourceTree = "<group>"; };
		7FA8C27B2B25044F00E0427C /* Profile.swift */ = {isa = PBXFileReference; lastKnownFileType = sourcecode.swift; path = Profile.swift; sourceTree = "<group>"; };
		7FA8C27E2B25073800E0427C /* ProfileHost.swift */ = {isa = PBXFileReference; lastKnownFileType = sourcecode.swift; path = ProfileHost.swift; sourceTree = "<group>"; };
		7FA8C2802B2507E400E0427C /* ProfileSummary.swift */ = {isa = PBXFileReference; lastKnownFileType = sourcecode.swift; path = ProfileSummary.swift; sourceTree = "<group>"; };
		7FA8C2822B2509CD00E0427C /* HikeBadge.swift */ = {isa = PBXFileReference; lastKnownFileType = sourcecode.swift; path = HikeBadge.swift; sourceTree = "<group>"; };
		7FA8C2852B250FA400E0427C /* ProfileEditor.swift */ = {isa = PBXFileReference; lastKnownFileType = sourcecode.swift; path = ProfileEditor.swift; sourceTree = "<group>"; };
/* End PBXFileReference section */

/* Begin PBXFrameworksBuildPhase section */
		7F22ABF82B22D98400853CF0 /* Frameworks */ = {
			isa = PBXFrameworksBuildPhase;
			buildActionMask = 2147483647;
			files = (
			);
			runOnlyForDeploymentPostprocessing = 0;
		};
/* End PBXFrameworksBuildPhase section */

/* Begin PBXGroup section */
		7F22ABF22B22D98400853CF0 = {
			isa = PBXGroup;
			children = (
				7F22ABFD2B22D98400853CF0 /* Landmarks */,
				7F22ABFC2B22D98400853CF0 /* Products */,
			);
			sourceTree = "<group>";
		};
		7F22ABFC2B22D98400853CF0 /* Products */ = {
			isa = PBXGroup;
			children = (
				7F22ABFB2B22D98400853CF0 /* Landmarks.app */,
			);
			name = Products;
			sourceTree = "<group>";
		};
		7F22ABFD2B22D98400853CF0 /* Landmarks */ = {
			isa = PBXGroup;
			children = (
				7F22ABFE2B22D98400853CF0 /* LandmarksApp.swift */,
				7FA8C2462B24279200E0427C /* Views */,
				7FA8C2472B2427CF00E0427C /* Model */,
				7F22AC022B22D98500853CF0 /* Assets.xcassets */,
				7FA8C24B2B24282900E0427C /* Resources */,
				7F22AC042B22D98500853CF0 /* Preview Content */,
			);
			path = Landmarks;
			sourceTree = "<group>";
		};
		7F22AC042B22D98500853CF0 /* Preview Content */ = {
			isa = PBXGroup;
			children = (
				7F22AC052B22D98500853CF0 /* Preview Assets.xcassets */,
			);
			path = "Preview Content";
			sourceTree = "<group>";
		};
		7FA8C2462B24279200E0427C /* Views */ = {
			isa = PBXGroup;
			children = (
				7F22AC002B22D98400853CF0 /* ContentView.swift */,
				7FA8C27D2B2506E100E0427C /* Profiles */,
				7FA8C2672B24ED0700E0427C /* Categories */,
				7FA8C26E2B24FE7C00E0427C /* Badges */,
				7FA8C25E2B24C82000E0427C /* Hikes */,
				7FA8C2542B24B63600E0427C /* Landmarks */,
				7FA8C2552B24B64F00E0427C /* Helper */,
			);
			path = Views;
			sourceTree = "<group>";
		};
		7FA8C2472B2427CF00E0427C /* Model */ = {
			isa = PBXGroup;
			children = (
				7FA8C2422B241F3700E0427C /* Landmark.swift */,
				7FA8C2442B24262100E0427C /* ModelData.swift */,
				7FA8C25C2B24C51800E0427C /* Hike.swift */,
				7FA8C27B2B25044F00E0427C /* Profile.swift */,
			);
			path = Model;
			sourceTree = "<group>";
		};
		7FA8C24B2B24282900E0427C /* Resources */ = {
			isa = PBXGroup;
			children = (
				7FA8C25A2B24C4A500E0427C /* hikeData.json */,
				7FA8C24A2B24281800E0427C /* landmarkData.json */,
			);
			path = Resources;
			sourceTree = "<group>";
		};
		7FA8C2542B24B63600E0427C /* Landmarks */ = {
			isa = PBXGroup;
			children = (
				7FA8C24E2B242D6600E0427C /* LandmarkList.swift */,
				7FA8C2502B242F3E00E0427C /* LandmarkDetail.swift */,
				7FA8C24C2B24292900E0427C /* LandmarkRow.swift */,
			);
			path = Landmarks;
			sourceTree = "<group>";
		};
		7FA8C2552B24B64F00E0427C /* Helper */ = {
			isa = PBXGroup;
			children = (
				7FA8C23C2B24152E00E0427C /* CircleImage.swift */,
				7FA8C2522B24B50200E0427C /* FavoriteButton.swift */,
				7FA8C23E2B24165500E0427C /* MapView.swift */,
			);
			path = Helper;
			sourceTree = "<group>";
		};
		7FA8C25E2B24C82000E0427C /* Hikes */ = {
			isa = PBXGroup;
			children = (
				7FA8C25F2B24C82000E0427C /* GraphCapsule.swift */,
				7FA8C2602B24C82000E0427C /* HikeGraph.swift */,
				7FA8C2612B24C82000E0427C /* HikeDetail.swift */,
				7FA8C2622B24C82000E0427C /* HikeView.swift */,
				7FA8C2822B2509CD00E0427C /* HikeBadge.swift */,
			);
			path = Hikes;
			sourceTree = "<group>";
		};
		7FA8C2672B24ED0700E0427C /* Categories */ = {
			isa = PBXGroup;
			children = (
				7FA8C2682B24ED2B00E0427C /* CategoryHome.swift */,
				7FA8C26A2B24F28500E0427C /* CategoryRow.swift */,
				7FA8C26C2B24F5C600E0427C /* CategoryItem.swift */,
			);
			path = Categories;
			sourceTree = "<group>";
		};
		7FA8C26E2B24FE7C00E0427C /* Badges */ = {
			isa = PBXGroup;
			children = (
				7FA8C26F2B24FE7C00E0427C /* RotatedBadgeSymbol.swift */,
				7FA8C2702B24FE7C00E0427C /* HexagonParameters.swift */,
				7FA8C2712B24FE7C00E0427C /* BadgeSymbol.swift */,
				7FA8C2722B24FE7C00E0427C /* BadgeBackground.swift */,
				7FA8C2732B24FE7C00E0427C /* Badge.swift */,
			);
			path = Badges;
			sourceTree = "<group>";
		};
		7FA8C27D2B2506E100E0427C /* Profiles */ = {
			isa = PBXGroup;
			children = (
				7FA8C27E2B25073800E0427C /* ProfileHost.swift */,
				7FA8C2802B2507E400E0427C /* ProfileSummary.swift */,
				7FA8C2852B250FA400E0427C /* ProfileEditor.swift */,
			);
			path = Profiles;
			sourceTree = "<group>";
		};
/* End PBXGroup section */

/* Begin PBXNativeTarget section */
		7F22ABFA2B22D98400853CF0 /* Landmarks */ = {
			isa = PBXNativeTarget;
			buildConfigurationList = 7F22AC092B22D98500853CF0 /* Build configuration list for PBXNativeTarget "Landmarks" */;
			buildPhases = (
				7F22ABF72B22D98400853CF0 /* Sources */,
				7F22ABF82B22D98400853CF0 /* Frameworks */,
				7F22ABF92B22D98400853CF0 /* Resources */,
			);
			buildRules = (
			);
			dependencies = (
			);
			name = Landmarks;
			productName = Landmarks;
			productReference = 7F22ABFB2B22D98400853CF0 /* Landmarks.app */;
			productType = "com.apple.product-type.application";
		};
/* End PBXNativeTarget section */

/* Begin PBXProject section */
		7F22ABF32B22D98400853CF0 /* Project object */ = {
			isa = PBXProject;
			attributes = {
				BuildIndependentTargetsInParallel = 1;
				LastSwiftUpdateCheck = 1500;
				LastUpgradeCheck = 1500;
				TargetAttributes = {
					7F22ABFA2B22D98400853CF0 = {
						CreatedOnToolsVersion = 15.0.1;
					};
				};
			};
			buildConfigurationList = 7F22ABF62B22D98400853CF0 /* Build configuration list for PBXProject "Landmarks" */;
			compatibilityVersion = "Xcode 14.0";
			developmentRegion = en;
			hasScannedForEncodings = 0;
			knownRegions = (
				en,
				Base,
			);
			mainGroup = 7F22ABF22B22D98400853CF0;
			productRefGroup = 7F22ABFC2B22D98400853CF0 /* Products */;
			projectDirPath = "";
			projectRoot = "";
			targets = (
				7F22ABFA2B22D98400853CF0 /* Landmarks */,
			);
		};
/* End PBXProject section */

/* Begin PBXResourcesBuildPhase section */
		7F22ABF92B22D98400853CF0 /* Resources */ = {
			isa = PBXResourcesBuildPhase;
			buildActionMask = 2147483647;
			files = (
				7F22AC062B22D98500853CF0 /* Preview Assets.xcassets in Resources */,
				7FA8C27A2B2502E700E0427C /* landmarkData.json in Resources */,
				7FA8C25B2B24C4A500E0427C /* hikeData.json in Resources */,
				7F22AC032B22D98500853CF0 /* Assets.xcassets in Resources */,
			);
			runOnlyForDeploymentPostprocessing = 0;
		};
/* End PBXResourcesBuildPhase section */

/* Begin PBXSourcesBuildPhase section */
		7F22ABF72B22D98400853CF0 /* Sources */ = {
			isa = PBXSourcesBuildPhase;
			buildActionMask = 2147483647;
			files = (
				7FA8C2752B24FE7C00E0427C /* HexagonParameters.swift in Sources */,
				7FA8C27C2B25044F00E0427C /* Profile.swift in Sources */,
				7F22AC012B22D98400853CF0 /* ContentView.swift in Sources */,
				7FA8C2452B24262100E0427C /* ModelData.swift in Sources */,
				7FA8C2782B24FE7C00E0427C /* Badge.swift in Sources */,
				7FA8C23F2B24165500E0427C /* MapView.swift in Sources */,
				7FA8C2532B24B50200E0427C /* FavoriteButton.swift in Sources */,
				7FA8C26D2B24F5C600E0427C /* CategoryItem.swift in Sources */,
				7FA8C2692B24ED2B00E0427C /* CategoryHome.swift in Sources */,
				7FA8C25D2B24C51800E0427C /* Hike.swift in Sources */,
				7FA8C24F2B242D6600E0427C /* LandmarkList.swift in Sources */,
				7FA8C2512B242F3E00E0427C /* LandmarkDetail.swift in Sources */,
				7FA8C2812B2507E400E0427C /* ProfileSummary.swift in Sources */,
				7FA8C26B2B24F28500E0427C /* CategoryRow.swift in Sources */,
				7FA8C27F2B25073800E0427C /* ProfileHost.swift in Sources */,
				7F22ABFF2B22D98400853CF0 /* LandmarksApp.swift in Sources */,
				7FA8C2642B24C82000E0427C /* HikeGraph.swift in Sources */,
				7FA8C2632B24C82000E0427C /* GraphCapsule.swift in Sources */,
				7FA8C2862B250FA400E0427C /* ProfileEditor.swift in Sources */,
				7FA8C2762B24FE7C00E0427C /* BadgeSymbol.swift in Sources */,
				7FA8C23D2B24152E00E0427C /* CircleImage.swift in Sources */,
				7FA8C2652B24C82000E0427C /* HikeDetail.swift in Sources */,
				7FA8C2772B24FE7C00E0427C /* BadgeBackground.swift in Sources */,
				7FA8C2832B2509CD00E0427C /* HikeBadge.swift in Sources */,
				7FA8C24D2B24292900E0427C /* LandmarkRow.swift in Sources */,
				7FA8C2662B24C82000E0427C /* HikeView.swift in Sources */,
				7FA8C2742B24FE7C00E0427C /* RotatedBadgeSymbol.swift in Sources */,
				7FA8C2432B241F3700E0427C /* Landmark.swift in Sources */,
			);
			runOnlyForDeploymentPostprocessing = 0;
		};
/* End PBXSourcesBuildPhase section */

/* Begin XCBuildConfiguration section */
		7F22AC072B22D98500853CF0 /* Debug */ = {
			isa = XCBuildConfiguration;
			buildSettings = {
				ALWAYS_SEARCH_USER_PATHS = NO;
				ASSETCATALOG_COMPILER_GENERATE_SWIFT_ASSET_SYMBOL_EXTENSIONS = YES;
				CLANG_ANALYZER_NONNULL = YES;
				CLANG_ANALYZER_NUMBER_OBJECT_CONVERSION = YES_AGGRESSIVE;
				CLANG_CXX_LANGUAGE_STANDARD = "gnu++20";
				CLANG_ENABLE_MODULES = YES;
				CLANG_ENABLE_OBJC_ARC = YES;
				CLANG_ENABLE_OBJC_WEAK = YES;
				CLANG_WARN_BLOCK_CAPTURE_AUTORELEASING = YES;
				CLANG_WARN_BOOL_CONVERSION = YES;
				CLANG_WARN_COMMA = YES;
				CLANG_WARN_CONSTANT_CONVERSION = YES;
				CLANG_WARN_DEPRECATED_OBJC_IMPLEMENTATIONS = YES;
				CLANG_WARN_DIRECT_OBJC_ISA_USAGE = YES_ERROR;
				CLANG_WARN_DOCUMENTATION_COMMENTS = YES;
				CLANG_WARN_EMPTY_BODY = YES;
				CLANG_WARN_ENUM_CONVERSION = YES;
				CLANG_WARN_INFINITE_RECURSION = YES;
				CLANG_WARN_INT_CONVERSION = YES;
				CLANG_WARN_NON_LITERAL_NULL_CONVERSION = YES;
				CLANG_WARN_OBJC_IMPLICIT_RETAIN_SELF = YES;
				CLANG_WARN_OBJC_LITERAL_CONVERSION = YES;
				CLANG_WARN_OBJC_ROOT_CLASS = YES_ERROR;
				CLANG_WARN_QUOTED_INCLUDE_IN_FRAMEWORK_HEADER = YES;
				CLANG_WARN_RANGE_LOOP_ANALYSIS = YES;
				CLANG_WARN_STRICT_PROTOTYPES = YES;
				CLANG_WARN_SUSPICIOUS_MOVE = YES;
				CLANG_WARN_UNGUARDED_AVAILABILITY = YES_AGGRESSIVE;
				CLANG_WARN_UNREACHABLE_CODE = YES;
				CLANG_WARN__DUPLICATE_METHOD_MATCH = YES;
				COPY_PHASE_STRIP = NO;
				DEBUG_INFORMATION_FORMAT = dwarf;
				ENABLE_STRICT_OBJC_MSGSEND = YES;
				ENABLE_TESTABILITY = YES;
				ENABLE_USER_SCRIPT_SANDBOXING = YES;
				GCC_C_LANGUAGE_STANDARD = gnu17;
				GCC_DYNAMIC_NO_PIC = NO;
				GCC_NO_COMMON_BLOCKS = YES;
				GCC_OPTIMIZATION_LEVEL = 0;
				GCC_PREPROCESSOR_DEFINITIONS = (
					"DEBUG=1",
					"$(inherited)",
				);
				GCC_WARN_64_TO_32_BIT_CONVERSION = YES;
				GCC_WARN_ABOUT_RETURN_TYPE = YES_ERROR;
				GCC_WARN_UNDECLARED_SELECTOR = YES;
				GCC_WARN_UNINITIALIZED_AUTOS = YES_AGGRESSIVE;
				GCC_WARN_UNUSED_FUNCTION = YES;
				GCC_WARN_UNUSED_VARIABLE = YES;
				IPHONEOS_DEPLOYMENT_TARGET = 17.0;
				LOCALIZATION_PREFERS_STRING_CATALOGS = YES;
				MTL_ENABLE_DEBUG_INFO = INCLUDE_SOURCE;
				MTL_FAST_MATH = YES;
				ONLY_ACTIVE_ARCH = YES;
				SDKROOT = iphoneos;
				SWIFT_ACTIVE_COMPILATION_CONDITIONS = "DEBUG $(inherited)";
				SWIFT_OPTIMIZATION_LEVEL = "-Onone";
			};
			name = Debug;
		};
		7F22AC082B22D98500853CF0 /* Release */ = {
			isa = XCBuildConfiguration;
			buildSettings = {
				ALWAYS_SEARCH_USER_PATHS = NO;
				ASSETCATALOG_COMPILER_GENERATE_SWIFT_ASSET_SYMBOL_EXTENSIONS = YES;
				CLANG_ANALYZER_NONNULL = YES;
				CLANG_ANALYZER_NUMBER_OBJECT_CONVERSION = YES_AGGRESSIVE;
				CLANG_CXX_LANGUAGE_STANDARD = "gnu++20";
				CLANG_ENABLE_MODULES = YES;
				CLANG_ENABLE_OBJC_ARC = YES;
				CLANG_ENABLE_OBJC_WEAK = YES;
				CLANG_WARN_BLOCK_CAPTURE_AUTORELEASING = YES;
				CLANG_WARN_BOOL_CONVERSION = YES;
				CLANG_WARN_COMMA = YES;
				CLANG_WARN_CONSTANT_CONVERSION = YES;
				CLANG_WARN_DEPRECATED_OBJC_IMPLEMENTATIONS = YES;
				CLANG_WARN_DIRECT_OBJC_ISA_USAGE = YES_ERROR;
				CLANG_WARN_DOCUMENTATION_COMMENTS = YES;
				CLANG_WARN_EMPTY_BODY = YES;
				CLANG_WARN_ENUM_CONVERSION = YES;
				CLANG_WARN_INFINITE_RECURSION = YES;
				CLANG_WARN_INT_CONVERSION = YES;
				CLANG_WARN_NON_LITERAL_NULL_CONVERSION = YES;
				CLANG_WARN_OBJC_IMPLICIT_RETAIN_SELF = YES;
				CLANG_WARN_OBJC_LITERAL_CONVERSION = YES;
				CLANG_WARN_OBJC_ROOT_CLASS = YES_ERROR;
				CLANG_WARN_QUOTED_INCLUDE_IN_FRAMEWORK_HEADER = YES;
				CLANG_WARN_RANGE_LOOP_ANALYSIS = YES;
				CLANG_WARN_STRICT_PROTOTYPES = YES;
				CLANG_WARN_SUSPICIOUS_MOVE = YES;
				CLANG_WARN_UNGUARDED_AVAILABILITY = YES_AGGRESSIVE;
				CLANG_WARN_UNREACHABLE_CODE = YES;
				CLANG_WARN__DUPLICATE_METHOD_MATCH = YES;
				COPY_PHASE_STRIP = NO;
				DEBUG_INFORMATION_FORMAT = "dwarf-with-dsym";
				ENABLE_NS_ASSERTIONS = NO;
				ENABLE_STRICT_OBJC_MSGSEND = YES;
				ENABLE_USER_SCRIPT_SANDBOXING = YES;
				GCC_C_LANGUAGE_STANDARD = gnu17;
				GCC_NO_COMMON_BLOCKS = YES;
				GCC_WARN_64_TO_32_BIT_CONVERSION = YES;
				GCC_WARN_ABOUT_RETURN_TYPE = YES_ERROR;
				GCC_WARN_UNDECLARED_SELECTOR = YES;
				GCC_WARN_UNINITIALIZED_AUTOS = YES_AGGRESSIVE;
				GCC_WARN_UNUSED_FUNCTION = YES;
				GCC_WARN_UNUSED_VARIABLE = YES;
				IPHONEOS_DEPLOYMENT_TARGET = 17.0;
				LOCALIZATION_PREFERS_STRING_CATALOGS = YES;
				MTL_ENABLE_DEBUG_INFO = NO;
				MTL_FAST_MATH = YES;
				SDKROOT = iphoneos;
				SWIFT_COMPILATION_MODE = wholemodule;
				VALIDATE_PRODUCT = YES;
			};
			name = Release;
		};
		7F22AC0A2B22D98500853CF0 /* Debug */ = {
			isa = XCBuildConfiguration;
			buildSettings = {
				ASSETCATALOG_COMPILER_APPICON_NAME = AppIcon;
				ASSETCATALOG_COMPILER_GLOBAL_ACCENT_COLOR_NAME = AccentColor;
				CODE_SIGN_STYLE = Automatic;
				CURRENT_PROJECT_VERSION = 1;
				DEVELOPMENT_ASSET_PATHS = "\"Landmarks/Preview Content\"";
				ENABLE_PREVIEWS = YES;
				GENERATE_INFOPLIST_FILE = YES;
				INFOPLIST_KEY_UIApplicationSceneManifest_Generation = YES;
				INFOPLIST_KEY_UIApplicationSupportsIndirectInputEvents = YES;
				INFOPLIST_KEY_UILaunchScreen_Generation = YES;
				INFOPLIST_KEY_UISupportedInterfaceOrientations_iPad = "UIInterfaceOrientationPortrait UIInterfaceOrientationPortraitUpsideDown UIInterfaceOrientationLandscapeLeft UIInterfaceOrientationLandscapeRight";
				INFOPLIST_KEY_UISupportedInterfaceOrientations_iPhone = "UIInterfaceOrientationPortrait UIInterfaceOrientationLandscapeLeft UIInterfaceOrientationLandscapeRight";
				LD_RUNPATH_SEARCH_PATHS = (
					"$(inherited)",
					"@executable_path/Frameworks",
				);
				MARKETING_VERSION = 1.0;
				PRODUCT_BUNDLE_IDENTIFIER = name.shihangwei.Landmarks;
				PRODUCT_NAME = "$(TARGET_NAME)";
				SWIFT_EMIT_LOC_STRINGS = YES;
				SWIFT_VERSION = 5.0;
				TARGETED_DEVICE_FAMILY = "1,2";
			};
			name = Debug;
		};
		7F22AC0B2B22D98500853CF0 /* Release */ = {
			isa = XCBuildConfiguration;
			buildSettings = {
				ASSETCATALOG_COMPILER_APPICON_NAME = AppIcon;
				ASSETCATALOG_COMPILER_GLOBAL_ACCENT_COLOR_NAME = AccentColor;
				CODE_SIGN_STYLE = Automatic;
				CURRENT_PROJECT_VERSION = 1;
				DEVELOPMENT_ASSET_PATHS = "\"Landmarks/Preview Content\"";
				ENABLE_PREVIEWS = YES;
				GENERATE_INFOPLIST_FILE = YES;
				INFOPLIST_KEY_UIApplicationSceneManifest_Generation = YES;
				INFOPLIST_KEY_UIApplicationSupportsIndirectInputEvents = YES;
				INFOPLIST_KEY_UILaunchScreen_Generation = YES;
				INFOPLIST_KEY_UISupportedInterfaceOrientations_iPad = "UIInterfaceOrientationPortrait UIInterfaceOrientationPortraitUpsideDown UIInterfaceOrientationLandscapeLeft UIInterfaceOrientationLandscapeRight";
				INFOPLIST_KEY_UISupportedInterfaceOrientations_iPhone = "UIInterfaceOrientationPortrait UIInterfaceOrientationLandscapeLeft UIInterfaceOrientationLandscapeRight";
				LD_RUNPATH_SEARCH_PATHS = (
					"$(inherited)",
					"@executable_path/Frameworks",
				);
				MARKETING_VERSION = 1.0;
				PRODUCT_BUNDLE_IDENTIFIER = name.shihangwei.Landmarks;
				PRODUCT_NAME = "$(TARGET_NAME)";
				SWIFT_EMIT_LOC_STRINGS = YES;
				SWIFT_VERSION = 5.0;
				TARGETED_DEVICE_FAMILY = "1,2";
			};
			name = Release;
		};
/* End XCBuildConfiguration section */

/* Begin XCConfigurationList section */
		7F22ABF62B22D98400853CF0 /* Build configuration list for PBXProject "Landmarks" */ = {
			isa = XCConfigurationList;
			buildConfigurations = (
				7F22AC072B22D98500853CF0 /* Debug */,
				7F22AC082B22D98500853CF0 /* Release */,
			);
			defaultConfigurationIsVisible = 0;
			defaultConfigurationName = Release;
		};
		7F22AC092B22D98500853CF0 /* Build configuration list for PBXNativeTarget "Landmarks" */ = {
			isa = XCConfigurationList;
			buildConfigurations = (
				7F22AC0A2B22D98500853CF0 /* Debug */,
				7F22AC0B2B22D98500853CF0 /* Release */,
			);
			defaultConfigurationIsVisible = 0;
			defaultConfigurationName = Release;
		};
/* End XCConfigurationList section */
	};
	rootObject = 7F22ABF32B22D98400853CF0 /* Project object */;
}
